{
  "name": "taste-review-video",
  "lockfileVersion": 3,
  "requires": true,
  "packages": {
    "": {
      "name": "taste-review-video",
      "dependencies": {
        "@fontsource-variable/figtree": "^5.3.0",
        "@fontsource/azeret-mono": "^5.3.0"
      }
    },
    "node_modules/@fontsource-variable/figtree": {
      "version": "5.3.0",
      "resolved": "https://registry.npmjs.org/@fontsource-variable/figtree/-/figtree-5.3.0.tgz",
      "integrity": "sha512-VRVodD7OiG7apQwE8/2fMjaqpY/a0qRJqL5HtYj8CKIVps+9amaFcdfKmDIf7iqYQx6iPLlArVXAfKeIZmVcNQ==",
      "license": "OFL-1.1",
      "funding": {
        "url": "https://github.com/sponsors/ayuhito"
      }
    },
    "node_modules/@fontsource/azeret-mono": {
      "version": "5.3.0",
      "resolved": "https://registry.npmjs.org/@fontsource/azeret-mono/-/azeret-mono-5.3.0.tgz",
      "integrity": "sha512-Ag/+gN67fUry7i1yLlTnk16Rr1nnTQI2YefA/G7tYcCSr/+TC/ayMrE8Km7O0OKRgI/B5Mfel46Gq9IGY50Uaw==",
      "license": "OFL-1.1",
      "funding": {
        "url": "https://github.com/sponsors/ayuhito"
      }
    }
  }
}
